
Microsoft Visual Studio Solution File, Format Version 12.00
# Visual Studio Version 17
VisualStudioVersion = 17.10.35013.160
MinimumVisualStudioVersion = 10.0.40219.1
Project("{FAE04EC0-301F-11D3-BF4B-00C04F79EFBC}") = "DockerProject", "DockerProject\DockerProject.csproj", "{781013F6-CFF9-4FC0-9BCB-28D1615BCB00}"
EndProject
Project("{E53339B2-1760-4266-BCC7-CA923CBCF16C}") = "docker-compose", "docker-compose.dcproj", "{20F6AD91-D396-4686-A373-E0D9913F8AD8}"
EndProject
Global
	GlobalSection(SolutionConfigurationPlatforms) = preSolution
		Debug|Any CPU = Debug|Any CPU
		Release|Any CPU = Release|Any CPU
	EndGlobalSection
	GlobalSection(ProjectConfigurationPlatforms) = postSolution
		{781013F6-CFF9-4FC0-9BCB-28D1615BCB00}.Debug|Any CPU.ActiveCfg = Debug|Any CPU
		{781013F6-CFF9-4FC0-9BCB-28D1615BCB00}.Debug|Any CPU.Build.0 = Debug|Any CPU
		{781013F6-CFF9-4FC0-9BCB-28D1615BCB00}.Release|Any CPU.ActiveCfg = Release|Any CPU
		{781013F6-CFF9-4FC0-9BCB-28D1615BCB00}.Release|Any CPU.Build.0 = Release|Any CPU
		{20F6AD91-D396-4686-A373-E0D9913F8AD8}.Debug|Any CPU.ActiveCfg = Debug|Any CPU
		{20F6AD91-D396-4686-A373-E0D9913F8AD8}.Debug|Any CPU.Build.0 = Debug|Any CPU
		{20F6AD91-D396-4686-A373-E0D9913F8AD8}.Release|Any CPU.ActiveCfg = Release|Any CPU
		{20F6AD91-D396-4686-A373-E0D9913F8AD8}.Release|Any CPU.Build.0 = Release|Any CPU
	EndGlobalSection
	GlobalSection(SolutionProperties) = preSolution
		HideSolutionNode = FALSE
	EndGlobalSection
	GlobalSection(ExtensibilityGlobals) = postSolution
		SolutionGuid = {C831F588-E83D-4FA3-8E9B-DD0A5FFC02F8}
	EndGlobalSection
EndGlobal
